
Microsoft Visual Studio Solution File, Format Version 12.00
# Visual Studio Version 17
VisualStudioVersion = 17.14.36414.22 d17.14
MinimumVisualStudioVersion = 10.0.40219.1
Project("{FAE04EC0-301F-11D3-BF4B-00C04F79EFBC}") = "DockerAPITest", "DockerAPITest\DockerAPITest.csproj", "{B2A7542F-69E8-4D6F-BD43-A660D14C9B38}"
EndProject
Global
	GlobalSection(SolutionConfigurationPlatforms) = preSolution
		Debug|Any CPU = Debug|Any CPU
		Release|Any CPU = Release|Any CPU
	EndGlobalSection
	GlobalSection(ProjectConfigurationPlatforms) = postSolution
		{B2A7542F-69E8-4D6F-BD43-A660D14C9B38}.Debug|Any CPU.ActiveCfg = Debug|Any CPU
		{B2A7542F-69E8-4D6F-BD43-A660D14C9B38}.Debug|Any CPU.Build.0 = Debug|Any CPU
		{B2A7542F-69E8-4D6F-BD43-A660D14C9B38}.Release|Any CPU.ActiveCfg = Release|Any CPU
		{B2A7542F-69E8-4D6F-BD43-A660D14C9B38}.Release|Any CPU.Build.0 = Release|Any CPU
	EndGlobalSection
	GlobalSection(SolutionProperties) = preSolution
		HideSolutionNode = FALSE
	EndGlobalSection
	GlobalSection(ExtensibilityGlobals) = postSolution
		SolutionGuid = {7E278B0A-598B-434D-B379-AA7E92BAC3BA}
	EndGlobalSection
EndGlobal
